
Microsoft Visual Studio Solution File, Format Version 12.00
# Visual Studio 15
VisualStudioVersion = 15.0.26730.15
MinimumVisualStudioVersion = 10.0.40219.1
Project("{F184B08F-C81C-45F6-A57F-5ABD9991F28F}") = "Escape Game", "Escape Game\Escape Game.vbproj", "{F242A7A0-D505-457A-AB1C-426579E2D87E}"
EndProject
Global
	GlobalSection(SolutionConfigurationPlatforms) = preSolution
		Debug|Any CPU = Debug|Any CPU
		Release|Any CPU = Release|Any CPU
	EndGlobalSection
	GlobalSection(ProjectConfigurationPlatforms) = postSolution
		{F242A7A0-D505-457A-AB1C-426579E2D87E}.Debug|Any CPU.ActiveCfg = Debug|Any CPU
		{F242A7A0-D505-457A-AB1C-426579E2D87E}.Debug|Any CPU.Build.0 = Debug|Any CPU
		{F242A7A0-D505-457A-AB1C-426579E2D87E}.Release|Any CPU.ActiveCfg = Release|Any CPU
		{F242A7A0-D505-457A-AB1C-426579E2D87E}.Release|Any CPU.Build.0 = Release|Any CPU
	EndGlobalSection
	GlobalSection(SolutionProperties) = preSolution
		HideSolutionNode = FALSE
	EndGlobalSection
	GlobalSection(ExtensibilityGlobals) = postSolution
		SolutionGuid = {830E9822-C214-4F4D-9C7B-677BE5E313B7}
	EndGlobalSection
EndGlobal
